
Microsoft Visual Studio Solution File, Format Version 12.00
# Visual Studio Version 17
VisualStudioVersion = 17.3.32929.385
MinimumVisualStudioVersion = 10.0.40219.1
Project("{9A19103F-16F7-4668-BE54-9A1E7A4F7556}") = "WhoWorks.API", "WhoWorks.API\WhoWorks.API.csproj", "{AFEFCE28-3190-4978-B83D-251E20696CD4}"
EndProject
Project("{2150E333-8FDC-42A3-9474-1A3956D46DE8}") = "src", "src", "{5EB7BB5B-0567-4D19-A86F-8C9271CCDD12}"
EndProject
Project("{2150E333-8FDC-42A3-9474-1A3956D46DE8}") = "WhoWorks", "WhoWorks", "{660FCA2D-A9C8-4CA3-8CCD-BF913175CE58}"
EndProject
Project("{9A19103F-16F7-4668-BE54-9A1E7A4F7556}") = "WhoWorks.Domain", "WhoWorks.Domain\WhoWorks.Domain.csproj", "{F3BC4B4A-02BA-448A-A834-3652DCF080A7}"
EndProject
Project("{9A19103F-16F7-4668-BE54-9A1E7A4F7556}") = "WhoWorks.Service", "WhoWorks.Service\WhoWorks.Service.csproj", "{698352FB-D29A-48B2-959F-373555B6D011}"
EndProject
Project("{2150E333-8FDC-42A3-9474-1A3956D46DE8}") = "Tests", "Tests", "{E57F76BA-EB50-4ACA-B68C-D512D2ED855C}"
EndProject
Project("{9A19103F-16F7-4668-BE54-9A1E7A4F7556}") = "WhoWorks.WPF", "WhoWorks.WPF\WhoWorks.WPF.csproj", "{1EFB5399-19EA-4882-8171-1795CAD29AFE}"
EndProject
Project("{9A19103F-16F7-4668-BE54-9A1E7A4F7556}") = "WhoWorks.Data.SQLServer", "WhoWorks.Data.SQLServer\WhoWorks.Data.SQLServer.csproj", "{77DFCC9D-9EF4-4E6B-82BC-325E63B1131C}"
EndProject
Project("{9A19103F-16F7-4668-BE54-9A1E7A4F7556}") = "WhoWorks.Data.Migrations", "WhoWorks.Data.Migrations\WhoWorks.Data.Migrations.csproj", "{961B42B4-CBE8-4922-971F-9803BC33E916}"
EndProject
Project("{9A19103F-16F7-4668-BE54-9A1E7A4F7556}") = "WhoWorks.Core", "WhoWorks.Core\WhoWorks.Core.csproj", "{CD7C4183-D3C4-481C-BC24-EDAB3C2ED429}"
EndProject
Project("{9A19103F-16F7-4668-BE54-9A1E7A4F7556}") = "PersonControllerTests", "PersonControllerTests\PersonControllerTests.csproj", "{2AE06865-5CE9-4267-B71B-6DC4E0E43978}"
EndProject
Project("{2150E333-8FDC-42A3-9474-1A3956D46DE8}") = "WPF.Client", "WPF.Client", "{3E680956-0D61-4EE2-A5AA-2A42265F3ABD}"
EndProject
Project("{2150E333-8FDC-42A3-9474-1A3956D46DE8}") = "Web.API", "Web.API", "{699EA6E6-C615-42C9-B606-C4DB32540E19}"
EndProject
Project("{FAE04EC0-301F-11D3-BF4B-00C04F79EFBC}") = "ClientDataService", "ClientDataService\ClientDataService.csproj", "{929E53B3-EC8A-45EE-9CD2-F0CA3DF45374}"
EndProject
Project("{2150E333-8FDC-42A3-9474-1A3956D46DE8}") = "DataSQL", "DataSQL", "{B6B25042-4871-47FF-8D81-AE733E6ABAC6}"
EndProject
Project("{2150E333-8FDC-42A3-9474-1A3956D46DE8}") = "Core", "Core", "{D6229AA1-729A-436E-A135-963E7924516E}"
EndProject
Global
	GlobalSection(SolutionConfigurationPlatforms) = preSolution
		Debug|Any CPU = Debug|Any CPU
		Release|Any CPU = Release|Any CPU
	EndGlobalSection
	GlobalSection(ProjectConfigurationPlatforms) = postSolution
		{AFEFCE28-3190-4978-B83D-251E20696CD4}.Debug|Any CPU.ActiveCfg = Debug|Any CPU
		{AFEFCE28-3190-4978-B83D-251E20696CD4}.Debug|Any CPU.Build.0 = Debug|Any CPU
		{AFEFCE28-3190-4978-B83D-251E20696CD4}.Release|Any CPU.ActiveCfg = Release|Any CPU
		{AFEFCE28-3190-4978-B83D-251E20696CD4}.Release|Any CPU.Build.0 = Release|Any CPU
		{F3BC4B4A-02BA-448A-A834-3652DCF080A7}.Debug|Any CPU.ActiveCfg = Debug|Any CPU
		{F3BC4B4A-02BA-448A-A834-3652DCF080A7}.Debug|Any CPU.Build.0 = Debug|Any CPU
		{F3BC4B4A-02BA-448A-A834-3652DCF080A7}.Release|Any CPU.ActiveCfg = Release|Any CPU
		{F3BC4B4A-02BA-448A-A834-3652DCF080A7}.Release|Any CPU.Build.0 = Release|Any CPU
		{698352FB-D29A-48B2-959F-373555B6D011}.Debug|Any CPU.ActiveCfg = Debug|Any CPU
		{698352FB-D29A-48B2-959F-373555B6D011}.Debug|Any CPU.Build.0 = Debug|Any CPU
		{698352FB-D29A-48B2-959F-373555B6D011}.Release|Any CPU.ActiveCfg = Release|Any CPU
		{698352FB-D29A-48B2-959F-373555B6D011}.Release|Any CPU.Build.0 = Release|Any CPU
		{1EFB5399-19EA-4882-8171-1795CAD29AFE}.Debug|Any CPU.ActiveCfg = Debug|Any CPU
		{1EFB5399-19EA-4882-8171-1795CAD29AFE}.Debug|Any CPU.Build.0 = Debug|Any CPU
		{1EFB5399-19EA-4882-8171-1795CAD29AFE}.Release|Any CPU.ActiveCfg = Release|Any CPU
		{1EFB5399-19EA-4882-8171-1795CAD29AFE}.Release|Any CPU.Build.0 = Release|Any CPU
		{77DFCC9D-9EF4-4E6B-82BC-325E63B1131C}.Debug|Any CPU.ActiveCfg = Debug|Any CPU
		{77DFCC9D-9EF4-4E6B-82BC-325E63B1131C}.Debug|Any CPU.Build.0 = Debug|Any CPU
		{77DFCC9D-9EF4-4E6B-82BC-325E63B1131C}.Release|Any CPU.ActiveCfg = Release|Any CPU
		{77DFCC9D-9EF4-4E6B-82BC-325E63B1131C}.Release|Any CPU.Build.0 = Release|Any CPU
		{961B42B4-CBE8-4922-971F-9803BC33E916}.Debug|Any CPU.ActiveCfg = Debug|Any CPU
		{961B42B4-CBE8-4922-971F-9803BC33E916}.Debug|Any CPU.Build.0 = Debug|Any CPU
		{961B42B4-CBE8-4922-971F-9803BC33E916}.Release|Any CPU.ActiveCfg = Release|Any CPU
		{961B42B4-CBE8-4922-971F-9803BC33E916}.Release|Any CPU.Build.0 = Release|Any CPU
		{CD7C4183-D3C4-481C-BC24-EDAB3C2ED429}.Debug|Any CPU.ActiveCfg = Debug|Any CPU
		{CD7C4183-D3C4-481C-BC24-EDAB3C2ED429}.Debug|Any CPU.Build.0 = Debug|Any CPU
		{CD7C4183-D3C4-481C-BC24-EDAB3C2ED429}.Release|Any CPU.ActiveCfg = Release|Any CPU
		{CD7C4183-D3C4-481C-BC24-EDAB3C2ED429}.Release|Any CPU.Build.0 = Release|Any CPU
		{2AE06865-5CE9-4267-B71B-6DC4E0E43978}.Debug|Any CPU.ActiveCfg = Debug|Any CPU
		{2AE06865-5CE9-4267-B71B-6DC4E0E43978}.Debug|Any CPU.Build.0 = Debug|Any CPU
		{2AE06865-5CE9-4267-B71B-6DC4E0E43978}.Release|Any CPU.ActiveCfg = Release|Any CPU
		{2AE06865-5CE9-4267-B71B-6DC4E0E43978}.Release|Any CPU.Build.0 = Release|Any CPU
		{929E53B3-EC8A-45EE-9CD2-F0CA3DF45374}.Debug|Any CPU.ActiveCfg = Debug|Any CPU
		{929E53B3-EC8A-45EE-9CD2-F0CA3DF45374}.Debug|Any CPU.Build.0 = Debug|Any CPU
		{929E53B3-EC8A-45EE-9CD2-F0CA3DF45374}.Release|Any CPU.ActiveCfg = Release|Any CPU
		{929E53B3-EC8A-45EE-9CD2-F0CA3DF45374}.Release|Any CPU.Build.0 = Release|Any CPU
	EndGlobalSection
	GlobalSection(SolutionProperties) = preSolution
		HideSolutionNode = FALSE
	EndGlobalSection
	GlobalSection(NestedProjects) = preSolution
		{AFEFCE28-3190-4978-B83D-251E20696CD4} = {699EA6E6-C615-42C9-B606-C4DB32540E19}
		{660FCA2D-A9C8-4CA3-8CCD-BF913175CE58} = {5EB7BB5B-0567-4D19-A86F-8C9271CCDD12}
		{F3BC4B4A-02BA-448A-A834-3652DCF080A7} = {D6229AA1-729A-436E-A135-963E7924516E}
		{698352FB-D29A-48B2-959F-373555B6D011} = {D6229AA1-729A-436E-A135-963E7924516E}
		{E57F76BA-EB50-4ACA-B68C-D512D2ED855C} = {5EB7BB5B-0567-4D19-A86F-8C9271CCDD12}
		{1EFB5399-19EA-4882-8171-1795CAD29AFE} = {3E680956-0D61-4EE2-A5AA-2A42265F3ABD}
		{77DFCC9D-9EF4-4E6B-82BC-325E63B1131C} = {B6B25042-4871-47FF-8D81-AE733E6ABAC6}
		{961B42B4-CBE8-4922-971F-9803BC33E916} = {B6B25042-4871-47FF-8D81-AE733E6ABAC6}
		{CD7C4183-D3C4-481C-BC24-EDAB3C2ED429} = {D6229AA1-729A-436E-A135-963E7924516E}
		{2AE06865-5CE9-4267-B71B-6DC4E0E43978} = {E57F76BA-EB50-4ACA-B68C-D512D2ED855C}
		{3E680956-0D61-4EE2-A5AA-2A42265F3ABD} = {660FCA2D-A9C8-4CA3-8CCD-BF913175CE58}
		{699EA6E6-C615-42C9-B606-C4DB32540E19} = {660FCA2D-A9C8-4CA3-8CCD-BF913175CE58}
		{929E53B3-EC8A-45EE-9CD2-F0CA3DF45374} = {3E680956-0D61-4EE2-A5AA-2A42265F3ABD}
		{B6B25042-4871-47FF-8D81-AE733E6ABAC6} = {660FCA2D-A9C8-4CA3-8CCD-BF913175CE58}
		{D6229AA1-729A-436E-A135-963E7924516E} = {660FCA2D-A9C8-4CA3-8CCD-BF913175CE58}
	EndGlobalSection
	GlobalSection(ExtensibilityGlobals) = postSolution
		SolutionGuid = {DEFCB952-D552-4976-AC26-AD0EE93141CE}
	EndGlobalSection
EndGlobal
